
Microsoft Visual Studio Solution File, Format Version 12.00
# Visual Studio Version 16
VisualStudioVersion = 16.0.32901.82
MinimumVisualStudioVersion = 10.0.40219.1
Project("{FAE04EC0-301F-11D3-BF4B-00C04F79EFBC}") = "MealMonkey", "MealMonkey\MealMonkey.csproj", "{471F1733-6F81-452B-9E3E-B60BDA152BAE}"
EndProject
Global
	GlobalSection(SolutionConfigurationPlatforms) = preSolution
		Debug|Any CPU = Debug|Any CPU
		Release|Any CPU = Release|Any CPU
	EndGlobalSection
	GlobalSection(ProjectConfigurationPlatforms) = postSolution
		{471F1733-6F81-452B-9E3E-B60BDA152BAE}.Debug|Any CPU.ActiveCfg = Debug|Any CPU
		{471F1733-6F81-452B-9E3E-B60BDA152BAE}.Debug|Any CPU.Build.0 = Debug|Any CPU
		{471F1733-6F81-452B-9E3E-B60BDA152BAE}.Release|Any CPU.ActiveCfg = Release|Any CPU
		{471F1733-6F81-452B-9E3E-B60BDA152BAE}.Release|Any CPU.Build.0 = Release|Any CPU
	EndGlobalSection
	GlobalSection(SolutionProperties) = preSolution
		HideSolutionNode = FALSE
	EndGlobalSection
	GlobalSection(ExtensibilityGlobals) = postSolution
		SolutionGuid = {1591BD47-93CF-41C7-8B76-51FD5CA817D0}
	EndGlobalSection
EndGlobal
